
Microsoft Visual Studio Solution File, Format Version 12.00
# Visual Studio Version 17
VisualStudioVersion = 17.4.33110.190
MinimumVisualStudioVersion = 10.0.40219.1
Project("{FAE04EC0-301F-11D3-BF4B-00C04F79EFBC}") = "Deck_Of_Cards_Lab", "Deck_Of_Cards_Lab\Deck_Of_Cards_Lab.csproj", "{AC4474CE-7BE5-4EA2-80BD-01BA6DC2D0C2}"
EndProject
Global
	GlobalSection(SolutionConfigurationPlatforms) = preSolution
		Debug|Any CPU = Debug|Any CPU
		Release|Any CPU = Release|Any CPU
	EndGlobalSection
	GlobalSection(ProjectConfigurationPlatforms) = postSolution
		{AC4474CE-7BE5-4EA2-80BD-01BA6DC2D0C2}.Debug|Any CPU.ActiveCfg = Debug|Any CPU
		{AC4474CE-7BE5-4EA2-80BD-01BA6DC2D0C2}.Debug|Any CPU.Build.0 = Debug|Any CPU
		{AC4474CE-7BE5-4EA2-80BD-01BA6DC2D0C2}.Release|Any CPU.ActiveCfg = Release|Any CPU
		{AC4474CE-7BE5-4EA2-80BD-01BA6DC2D0C2}.Release|Any CPU.Build.0 = Release|Any CPU
	EndGlobalSection
	GlobalSection(SolutionProperties) = preSolution
		HideSolutionNode = FALSE
	EndGlobalSection
	GlobalSection(ExtensibilityGlobals) = postSolution
		SolutionGuid = {209FC8E2-89C0-4F42-B5EC-C7A38F1EFAD1}
	EndGlobalSection
EndGlobal
